
Microsoft Visual Studio Solution File, Format Version 12.00
# Visual Studio Version 17
VisualStudioVersion = 17.10.35122.118
MinimumVisualStudioVersion = 10.0.40219.1
Project("{FAE04EC0-301F-11D3-BF4B-00C04F79EFBC}") = "WeatherAlertBot", "WeatherAlertBot\WeatherAlertBot.csproj", "{DAFD9AEF-2B56-4C24-B60B-C487ADB2BD11}"
EndProject
Global
	GlobalSection(SolutionConfigurationPlatforms) = preSolution
		Debug|Any CPU = Debug|Any CPU
		Release|Any CPU = Release|Any CPU
	EndGlobalSection
	GlobalSection(ProjectConfigurationPlatforms) = postSolution
		{DAFD9AEF-2B56-4C24-B60B-C487ADB2BD11}.Debug|Any CPU.ActiveCfg = Debug|Any CPU
		{DAFD9AEF-2B56-4C24-B60B-C487ADB2BD11}.Debug|Any CPU.Build.0 = Debug|Any CPU
		{DAFD9AEF-2B56-4C24-B60B-C487ADB2BD11}.Release|Any CPU.ActiveCfg = Release|Any CPU
		{DAFD9AEF-2B56-4C24-B60B-C487ADB2BD11}.Release|Any CPU.Build.0 = Release|Any CPU
	EndGlobalSection
	GlobalSection(SolutionProperties) = preSolution
		HideSolutionNode = FALSE
	EndGlobalSection
	GlobalSection(ExtensibilityGlobals) = postSolution
		SolutionGuid = {0F0DE5DE-B841-45C7-B778-A89FAD315557}
	EndGlobalSection
EndGlobal
